# This file was autogenerated by Stack.
# You should not edit this file by hand.
# For more information, please see the documentation at:
#   https://docs.haskellstack.org/en/stable/lock_files

packages: []
snapshots:
- completed:
    sha256: f845a23b2f5cf4b08151dea86225506ad057444422830a1b7bc282a73722c06a
    size: 654474
    url: https://raw.githubusercontent.com/commercialhaskell/stackage-snapshots/master/nightly/2025/2/18.yaml
  original: nightly-2025-02-18
